
Microsoft Visual Studio Solution File, Format Version 12.00
# Visual Studio Version 17
VisualStudioVersion = 17.7.34031.279
MinimumVisualStudioVersion = 10.0.40219.1
Project("{FAE04EC0-301F-11D3-BF4B-00C04F79EFBC}") = "EncapsulaionProperty", "EncapsulaionProperty\EncapsulaionProperty.csproj", "{5CB8B8FE-83F1-4258-BCB7-88A5D5FFE850}"
EndProject
Global
	GlobalSection(SolutionConfigurationPlatforms) = preSolution
		Debug|Any CPU = Debug|Any CPU
		Release|Any CPU = Release|Any CPU
	EndGlobalSection
	GlobalSection(ProjectConfigurationPlatforms) = postSolution
		{5CB8B8FE-83F1-4258-BCB7-88A5D5FFE850}.Debug|Any CPU.ActiveCfg = Debug|Any CPU
		{5CB8B8FE-83F1-4258-BCB7-88A5D5FFE850}.Debug|Any CPU.Build.0 = Debug|Any CPU
		{5CB8B8FE-83F1-4258-BCB7-88A5D5FFE850}.Release|Any CPU.ActiveCfg = Release|Any CPU
		{5CB8B8FE-83F1-4258-BCB7-88A5D5FFE850}.Release|Any CPU.Build.0 = Release|Any CPU
	EndGlobalSection
	GlobalSection(SolutionProperties) = preSolution
		HideSolutionNode = FALSE
	EndGlobalSection
	GlobalSection(ExtensibilityGlobals) = postSolution
		SolutionGuid = {D815DCB0-BDF2-47DB-885C-8610A78FB404}
	EndGlobalSection
EndGlobal
