
Microsoft Visual Studio Solution File, Format Version 12.00
# Visual Studio Version 17
VisualStudioVersion = 17.7.34031.279
MinimumVisualStudioVersion = 10.0.40219.1
Project("{FAE04EC0-301F-11D3-BF4B-00C04F79EFBC}") = "Enum", "Enum\Enum.csproj", "{4A5A712C-387B-4649-B6BE-DBDF9E8F10D4}"
EndProject
Global
	GlobalSection(SolutionConfigurationPlatforms) = preSolution
		Debug|Any CPU = Debug|Any CPU
		Release|Any CPU = Release|Any CPU
	EndGlobalSection
	GlobalSection(ProjectConfigurationPlatforms) = postSolution
		{4A5A712C-387B-4649-B6BE-DBDF9E8F10D4}.Debug|Any CPU.ActiveCfg = Debug|Any CPU
		{4A5A712C-387B-4649-B6BE-DBDF9E8F10D4}.Debug|Any CPU.Build.0 = Debug|Any CPU
		{4A5A712C-387B-4649-B6BE-DBDF9E8F10D4}.Release|Any CPU.ActiveCfg = Release|Any CPU
		{4A5A712C-387B-4649-B6BE-DBDF9E8F10D4}.Release|Any CPU.Build.0 = Release|Any CPU
	EndGlobalSection
	GlobalSection(SolutionProperties) = preSolution
		HideSolutionNode = FALSE
	EndGlobalSection
	GlobalSection(ExtensibilityGlobals) = postSolution
		SolutionGuid = {29B7A118-20C4-4F3A-B6DD-74D2F6BABDF9}
	EndGlobalSection
EndGlobal
